
Microsoft Visual Studio Solution File, Format Version 12.00
# Visual Studio 14
VisualStudioVersion = 14.0.25123.0
MinimumVisualStudioVersion = 10.0.40219.1
Project("{FAE04EC0-301F-11D3-BF4B-00C04F79EFBC}") = "StringCalculator3", "StringCalculator3\StringCalculator3.csproj", "{0A678882-C4A4-435C-A114-EB6544215A3B}"
EndProject
Project("{FAE04EC0-301F-11D3-BF4B-00C04F79EFBC}") = "StringCalculator3.Tests", "StringCalculator3.Tests\StringCalculator3.Tests.csproj", "{1D4147D8-FC23-4D6A-90FB-DC4D6FF24359}"
EndProject
Global
	GlobalSection(SolutionConfigurationPlatforms) = preSolution
		Debug|Any CPU = Debug|Any CPU
		Release|Any CPU = Release|Any CPU
	EndGlobalSection
	GlobalSection(ProjectConfigurationPlatforms) = postSolution
		{0A678882-C4A4-435C-A114-EB6544215A3B}.Debug|Any CPU.ActiveCfg = Debug|Any CPU
		{0A678882-C4A4-435C-A114-EB6544215A3B}.Debug|Any CPU.Build.0 = Debug|Any CPU
		{0A678882-C4A4-435C-A114-EB6544215A3B}.Release|Any CPU.ActiveCfg = Release|Any CPU
		{0A678882-C4A4-435C-A114-EB6544215A3B}.Release|Any CPU.Build.0 = Release|Any CPU
		{1D4147D8-FC23-4D6A-90FB-DC4D6FF24359}.Debug|Any CPU.ActiveCfg = Debug|Any CPU
		{1D4147D8-FC23-4D6A-90FB-DC4D6FF24359}.Debug|Any CPU.Build.0 = Debug|Any CPU
		{1D4147D8-FC23-4D6A-90FB-DC4D6FF24359}.Release|Any CPU.ActiveCfg = Release|Any CPU
		{1D4147D8-FC23-4D6A-90FB-DC4D6FF24359}.Release|Any CPU.Build.0 = Release|Any CPU
	EndGlobalSection
	GlobalSection(SolutionProperties) = preSolution
		HideSolutionNode = FALSE
	EndGlobalSection
EndGlobal
