
Microsoft Visual Studio Solution File, Format Version 12.00
# Visual Studio 14
VisualStudioVersion = 14.0.25123.0
MinimumVisualStudioVersion = 10.0.40219.1
Project("{FAE04EC0-301F-11D3-BF4B-00C04F79EFBC}") = "StringCalculator5", "StringCalculator5\StringCalculator5.csproj", "{9DA03970-C8DF-4089-9091-FF29D9F4D097}"
EndProject
Project("{FAE04EC0-301F-11D3-BF4B-00C04F79EFBC}") = "StringCalculator5.Tests", "StringCalculator5.Tests\StringCalculator5.Tests.csproj", "{EE635305-D5E2-4477-A34D-C37BF54FBAB0}"
EndProject
Global
	GlobalSection(SolutionConfigurationPlatforms) = preSolution
		Debug|Any CPU = Debug|Any CPU
		Release|Any CPU = Release|Any CPU
	EndGlobalSection
	GlobalSection(ProjectConfigurationPlatforms) = postSolution
		{9DA03970-C8DF-4089-9091-FF29D9F4D097}.Debug|Any CPU.ActiveCfg = Debug|Any CPU
		{9DA03970-C8DF-4089-9091-FF29D9F4D097}.Debug|Any CPU.Build.0 = Debug|Any CPU
		{9DA03970-C8DF-4089-9091-FF29D9F4D097}.Release|Any CPU.ActiveCfg = Release|Any CPU
		{9DA03970-C8DF-4089-9091-FF29D9F4D097}.Release|Any CPU.Build.0 = Release|Any CPU
		{EE635305-D5E2-4477-A34D-C37BF54FBAB0}.Debug|Any CPU.ActiveCfg = Debug|Any CPU
		{EE635305-D5E2-4477-A34D-C37BF54FBAB0}.Debug|Any CPU.Build.0 = Debug|Any CPU
		{EE635305-D5E2-4477-A34D-C37BF54FBAB0}.Release|Any CPU.ActiveCfg = Release|Any CPU
		{EE635305-D5E2-4477-A34D-C37BF54FBAB0}.Release|Any CPU.Build.0 = Release|Any CPU
	EndGlobalSection
	GlobalSection(SolutionProperties) = preSolution
		HideSolutionNode = FALSE
	EndGlobalSection
EndGlobal
