
Microsoft Visual Studio Solution File, Format Version 12.00
# Visual Studio 14
VisualStudioVersion = 14.0.25123.0
MinimumVisualStudioVersion = 10.0.40219.1
Project("{FAE04EC0-301F-11D3-BF4B-00C04F79EFBC}") = "StringCalculator6Factory2", "StringCalculator6Factory2\StringCalculator6Factory2.csproj", "{32A13C8D-CD14-4E5A-8A66-A60B2617F2E3}"
EndProject
Project("{FAE04EC0-301F-11D3-BF4B-00C04F79EFBC}") = "StringCalculator6Factory2.Tests", "StringCalculator6Factory2.Tests\StringCalculator6Factory2.Tests.csproj", "{3BEF3903-D47B-487C-A9D8-56C56CDDD006}"
EndProject
Global
	GlobalSection(SolutionConfigurationPlatforms) = preSolution
		Debug|Any CPU = Debug|Any CPU
		Release|Any CPU = Release|Any CPU
	EndGlobalSection
	GlobalSection(ProjectConfigurationPlatforms) = postSolution
		{32A13C8D-CD14-4E5A-8A66-A60B2617F2E3}.Debug|Any CPU.ActiveCfg = Debug|Any CPU
		{32A13C8D-CD14-4E5A-8A66-A60B2617F2E3}.Debug|Any CPU.Build.0 = Debug|Any CPU
		{32A13C8D-CD14-4E5A-8A66-A60B2617F2E3}.Release|Any CPU.ActiveCfg = Release|Any CPU
		{32A13C8D-CD14-4E5A-8A66-A60B2617F2E3}.Release|Any CPU.Build.0 = Release|Any CPU
		{3BEF3903-D47B-487C-A9D8-56C56CDDD006}.Debug|Any CPU.ActiveCfg = Debug|Any CPU
		{3BEF3903-D47B-487C-A9D8-56C56CDDD006}.Debug|Any CPU.Build.0 = Debug|Any CPU
		{3BEF3903-D47B-487C-A9D8-56C56CDDD006}.Release|Any CPU.ActiveCfg = Release|Any CPU
		{3BEF3903-D47B-487C-A9D8-56C56CDDD006}.Release|Any CPU.Build.0 = Release|Any CPU
	EndGlobalSection
	GlobalSection(SolutionProperties) = preSolution
		HideSolutionNode = FALSE
	EndGlobalSection
EndGlobal
